
Microsoft Visual Studio Solution File, Format Version 12.00
# Visual Studio Version 17
VisualStudioVersion = 17.1.32210.238
MinimumVisualStudioVersion = 10.0.40219.1
Project("{FAE04EC0-301F-11D3-BF4B-00C04F79EFBC}") = "WordWebAddIn1", "WordWebAddIn1\WordWebAddIn1.csproj", "{FBD41DB4-9195-403D-BE4C-A885AA886EB5}"
EndProject
Project("{FAE04EC0-301F-11D3-BF4B-00C04F79EFBC}") = "WordWebAddIn1Web", "WordWebAddIn1Web\WordWebAddIn1Web.csproj", "{B64D030D-4BAD-4E50-BB08-D8E2FB591B7A}"
EndProject
Global
	GlobalSection(SolutionConfigurationPlatforms) = preSolution
		Debug|Any CPU = Debug|Any CPU
		Release|Any CPU = Release|Any CPU
	EndGlobalSection
	GlobalSection(ProjectConfigurationPlatforms) = postSolution
		{FBD41DB4-9195-403D-BE4C-A885AA886EB5}.Debug|Any CPU.ActiveCfg = Debug|Any CPU
		{FBD41DB4-9195-403D-BE4C-A885AA886EB5}.Debug|Any CPU.Build.0 = Debug|Any CPU
		{FBD41DB4-9195-403D-BE4C-A885AA886EB5}.Debug|Any CPU.Deploy.0 = Debug|Any CPU
		{FBD41DB4-9195-403D-BE4C-A885AA886EB5}.Release|Any CPU.ActiveCfg = Release|Any CPU
		{FBD41DB4-9195-403D-BE4C-A885AA886EB5}.Release|Any CPU.Build.0 = Release|Any CPU
		{FBD41DB4-9195-403D-BE4C-A885AA886EB5}.Release|Any CPU.Deploy.0 = Release|Any CPU
		{B64D030D-4BAD-4E50-BB08-D8E2FB591B7A}.Debug|Any CPU.ActiveCfg = Debug|Any CPU
		{B64D030D-4BAD-4E50-BB08-D8E2FB591B7A}.Debug|Any CPU.Build.0 = Debug|Any CPU
		{B64D030D-4BAD-4E50-BB08-D8E2FB591B7A}.Release|Any CPU.ActiveCfg = Release|Any CPU
		{B64D030D-4BAD-4E50-BB08-D8E2FB591B7A}.Release|Any CPU.Build.0 = Release|Any CPU
	EndGlobalSection
	GlobalSection(SolutionProperties) = preSolution
		HideSolutionNode = FALSE
	EndGlobalSection
	GlobalSection(ExtensibilityGlobals) = postSolution
		SolutionGuid = {21CBDDF4-391E-4EE0-8130-AE87116E6B3B}
	EndGlobalSection
EndGlobal
