
Microsoft Visual Studio Solution File, Format Version 12.00
# Visual Studio Version 17
VisualStudioVersion = 17.1.32421.90
MinimumVisualStudioVersion = 10.0.40219.1
Project("{FAE04EC0-301F-11D3-BF4B-00C04F79EFBC}") = "WebAddinTest1", "WebAddinTest1\WebAddinTest1.csproj", "{4E6293D8-F0CB-4B0F-870C-534B0C6C032A}"
EndProject
Project("{FAE04EC0-301F-11D3-BF4B-00C04F79EFBC}") = "WebAddinTest1Web", "WebAddinTest1Web\WebAddinTest1Web.csproj", "{B1F31CF2-8F0F-45A1-B222-769E53BF3CE6}"
EndProject
Global
	GlobalSection(SolutionConfigurationPlatforms) = preSolution
		Debug|Any CPU = Debug|Any CPU
		Release|Any CPU = Release|Any CPU
	EndGlobalSection
	GlobalSection(ProjectConfigurationPlatforms) = postSolution
		{4E6293D8-F0CB-4B0F-870C-534B0C6C032A}.Debug|Any CPU.ActiveCfg = Debug|Any CPU
		{4E6293D8-F0CB-4B0F-870C-534B0C6C032A}.Debug|Any CPU.Build.0 = Debug|Any CPU
		{4E6293D8-F0CB-4B0F-870C-534B0C6C032A}.Debug|Any CPU.Deploy.0 = Debug|Any CPU
		{4E6293D8-F0CB-4B0F-870C-534B0C6C032A}.Release|Any CPU.ActiveCfg = Release|Any CPU
		{4E6293D8-F0CB-4B0F-870C-534B0C6C032A}.Release|Any CPU.Build.0 = Release|Any CPU
		{4E6293D8-F0CB-4B0F-870C-534B0C6C032A}.Release|Any CPU.Deploy.0 = Release|Any CPU
		{B1F31CF2-8F0F-45A1-B222-769E53BF3CE6}.Debug|Any CPU.ActiveCfg = Debug|Any CPU
		{B1F31CF2-8F0F-45A1-B222-769E53BF3CE6}.Debug|Any CPU.Build.0 = Debug|Any CPU
		{B1F31CF2-8F0F-45A1-B222-769E53BF3CE6}.Release|Any CPU.ActiveCfg = Release|Any CPU
		{B1F31CF2-8F0F-45A1-B222-769E53BF3CE6}.Release|Any CPU.Build.0 = Release|Any CPU
	EndGlobalSection
	GlobalSection(SolutionProperties) = preSolution
		HideSolutionNode = FALSE
	EndGlobalSection
	GlobalSection(ExtensibilityGlobals) = postSolution
		SolutionGuid = {88B9E478-6072-49C7-B798-450B1D2B4D69}
	EndGlobalSection
EndGlobal
