
Microsoft Visual Studio Solution File, Format Version 12.00
# Visual Studio Version 17
VisualStudioVersion = 17.1.32210.238
MinimumVisualStudioVersion = 10.0.40219.1
Project("{FAE04EC0-301F-11D3-BF4B-00C04F79EFBC}") = "CellAnalyzerOfficeAddin", "CellAnalyzerOfficeAddin\CellAnalyzerOfficeAddin.csproj", "{C9F4DDFB-8CE0-495C-91C3-075E04DF0377}"
EndProject
Project("{FAE04EC0-301F-11D3-BF4B-00C04F79EFBC}") = "CellAnalyzerOfficeAddinWeb", "CellAnalyzerOfficeAddinWeb\CellAnalyzerOfficeAddinWeb.csproj", "{267602F7-C6DE-4F7A-9F65-944F32351728}"
EndProject
Project("{FAE04EC0-301F-11D3-BF4B-00C04F79EFBC}") = "Cell-Analyzer", "Cell-Analyzer\Cell-Analyzer.csproj", "{943B5DB9-830A-4ABA-ADD8-1F0C3B3961DF}"
EndProject
Project("{FAE04EC0-301F-11D3-BF4B-00C04F79EFBC}") = "CellAnalyzerRESTAPI", "CellAnalyzerRESTAPI\CellAnalyzerRESTAPI.csproj", "{1E6FF312-A4A3-40F0-8908-65070615B0C1}"
EndProject
Project("{FAE04EC0-301F-11D3-BF4B-00C04F79EFBC}") = "CellAnalyzerSharedLibrary", "CellAnalyzerSharedLibrary\CellAnalyzerSharedLibrary.csproj", "{AFAD8194-C45D-43EA-BFB1-FD6B443960C8}"
EndProject
Global
	GlobalSection(SolutionConfigurationPlatforms) = preSolution
		Debug|Any CPU = Debug|Any CPU
		Release|Any CPU = Release|Any CPU
	EndGlobalSection
	GlobalSection(ProjectConfigurationPlatforms) = postSolution
		{C9F4DDFB-8CE0-495C-91C3-075E04DF0377}.Debug|Any CPU.ActiveCfg = Debug|Any CPU
		{C9F4DDFB-8CE0-495C-91C3-075E04DF0377}.Debug|Any CPU.Build.0 = Debug|Any CPU
		{C9F4DDFB-8CE0-495C-91C3-075E04DF0377}.Debug|Any CPU.Deploy.0 = Debug|Any CPU
		{C9F4DDFB-8CE0-495C-91C3-075E04DF0377}.Release|Any CPU.ActiveCfg = Release|Any CPU
		{C9F4DDFB-8CE0-495C-91C3-075E04DF0377}.Release|Any CPU.Build.0 = Release|Any CPU
		{C9F4DDFB-8CE0-495C-91C3-075E04DF0377}.Release|Any CPU.Deploy.0 = Release|Any CPU
		{267602F7-C6DE-4F7A-9F65-944F32351728}.Debug|Any CPU.ActiveCfg = Debug|Any CPU
		{267602F7-C6DE-4F7A-9F65-944F32351728}.Debug|Any CPU.Build.0 = Debug|Any CPU
		{267602F7-C6DE-4F7A-9F65-944F32351728}.Release|Any CPU.ActiveCfg = Release|Any CPU
		{267602F7-C6DE-4F7A-9F65-944F32351728}.Release|Any CPU.Build.0 = Release|Any CPU
		{943B5DB9-830A-4ABA-ADD8-1F0C3B3961DF}.Debug|Any CPU.ActiveCfg = Debug|Any CPU
		{943B5DB9-830A-4ABA-ADD8-1F0C3B3961DF}.Debug|Any CPU.Build.0 = Debug|Any CPU
		{943B5DB9-830A-4ABA-ADD8-1F0C3B3961DF}.Release|Any CPU.ActiveCfg = Release|Any CPU
		{943B5DB9-830A-4ABA-ADD8-1F0C3B3961DF}.Release|Any CPU.Build.0 = Release|Any CPU
		{1E6FF312-A4A3-40F0-8908-65070615B0C1}.Debug|Any CPU.ActiveCfg = Debug|Any CPU
		{1E6FF312-A4A3-40F0-8908-65070615B0C1}.Debug|Any CPU.Build.0 = Debug|Any CPU
		{1E6FF312-A4A3-40F0-8908-65070615B0C1}.Release|Any CPU.ActiveCfg = Release|Any CPU
		{1E6FF312-A4A3-40F0-8908-65070615B0C1}.Release|Any CPU.Build.0 = Release|Any CPU
		{AFAD8194-C45D-43EA-BFB1-FD6B443960C8}.Debug|Any CPU.ActiveCfg = Debug|Any CPU
		{AFAD8194-C45D-43EA-BFB1-FD6B443960C8}.Debug|Any CPU.Build.0 = Debug|Any CPU
		{AFAD8194-C45D-43EA-BFB1-FD6B443960C8}.Release|Any CPU.ActiveCfg = Release|Any CPU
		{AFAD8194-C45D-43EA-BFB1-FD6B443960C8}.Release|Any CPU.Build.0 = Release|Any CPU
	EndGlobalSection
	GlobalSection(SolutionProperties) = preSolution
		HideSolutionNode = FALSE
	EndGlobalSection
	GlobalSection(ExtensibilityGlobals) = postSolution
		SolutionGuid = {9C363202-7FCD-4DF4-B3BE-8A8BB33412CA}
	EndGlobalSection
EndGlobal
